Microsoft Visual Studio Solution File, Format Version 12.00
# Visual Studio Version 17
VisualStudioVersion = 17.5.2.0
MinimumVisualStudioVersion = 10.0.40219.1
Project("{FAE04EC0-301F-11D3-BF4B-00C04F79EFBC}") = "FunctionAzureMySQL", "FunctionAzureMySQL.csproj", "{8D4D9FA5-EAFC-0B8B-410A-C72EEF14DB58}"
EndProject
Global
	GlobalSection(SolutionConfigurationPlatforms) = preSolution
		Debug|Any CPU = Debug|Any CPU
		Release|Any CPU = Release|Any CPU
	EndGlobalSection
	GlobalSection(ProjectConfigurationPlatforms) = postSolution
		{8D4D9FA5-EAFC-0B8B-410A-C72EEF14DB58}.Debug|Any CPU.ActiveCfg = Debug|Any CPU
		{8D4D9FA5-EAFC-0B8B-410A-C72EEF14DB58}.Debug|Any CPU.Build.0 = Debug|Any CPU
		{8D4D9FA5-EAFC-0B8B-410A-C72EEF14DB58}.Release|Any CPU.ActiveCfg = Release|Any CPU
		{8D4D9FA5-EAFC-0B8B-410A-C72EEF14DB58}.Release|Any CPU.Build.0 = Release|Any CPU
	EndGlobalSection
	GlobalSection(SolutionProperties) = preSolution
		HideSolutionNode = FALSE
	EndGlobalSection
	GlobalSection(ExtensibilityGlobals) = postSolution
		SolutionGuid = {FE6D939E-60DC-45E1-B037-393079AAF3F4}
	EndGlobalSection
EndGlobal
